// !$*UTF8*$!
{
	archiveVersion = 1;
	classes = {
	};
	objectVersion = 50;
	objects = {

/* Begin PBXBuildFile section */
		A42925F425F6F48D00C6C799 /* AppDelegate.swift in Sources */ = {isa = PBXBuildFile; fileRef = A42925F325F6F48D00C6C799 /* AppDelegate.swift */; };
		A42925F625F6F48D00C6C799 /* SceneDelegate.swift in Sources */ = {isa = PBXBuildFile; fileRef = A42925F525F6F48D00C6C799 /* SceneDelegate.swift */; };
		A42925F825F6F48D00C6C799 /* ViewController.swift in Sources */ = {isa = PBXBuildFile; fileRef = A42925F725F6F48D00C6C799 /* ViewController.swift */; };
		A42925FB25F6F48D00C6C799 /* Main.storyboard in Resources */ = {isa = PBXBuildFile; fileRef = A42925F925F6F48D00C6C799 /* Main.storyboard */; };
		A42925FD25F6F49000C6C799 /* Assets.xcassets in Resources */ = {isa = PBXBuildFile; fileRef = A42925FC25F6F49000C6C799 /* Assets.xcassets */; };
		A429260025F6F49000C6C799 /* LaunchScreen.storyboard in Resources */ = {isa = PBXBuildFile; fileRef = A42925FE25F6F49000C6C799 /* LaunchScreen.storyboard */; };
		A429260B25F6F49000C6C799 /* mhtTask2Tests.swift in Sources */ = {isa = PBXBuildFile; fileRef = A429260A25F6F49000C6C799 /* mhtTask2Tests.swift */; };
		A429261625F6F49000C6C799 /* mhtTask2UITests.swift in Sources */ = {isa = PBXBuildFile; fileRef = A429261525F6F49000C6C799 /* mhtTask2UITests.swift */; };
/* End PBXBuildFile section */

/* Begin PBXContainerItemProxy section */
		A429260725F6F49000C6C799 /* PBXContainerItemProxy */ = {
			isa = PBXContainerItemProxy;
			containerPortal = A42925E825F6F48D00C6C799 /* Project object */;
			proxyType = 1;
			remoteGlobalIDString = A42925EF25F6F48D00C6C799;
			remoteInfo = mhtTask2;
		};
		A429261225F6F49000C6C799 /* PBXContainerItemProxy */ = {
			isa = PBXContainerItemProxy;
			containerPortal = A42925E825F6F48D00C6C799 /* Project object */;
			proxyType = 1;
			remoteGlobalIDString = A42925EF25F6F48D00C6C799;
			remoteInfo = mhtTask2;
		};
/* End PBXContainerItemProxy section */

/* Begin PBXFileReference section */
		A42925F025F6F48D00C6C799 /* mhtTask2.app */ = {isa = PBXFileReference; explicitFileType = wrapper.application; includeInIndex = 0; path = mhtTask2.app; sourceTree = BUILT_PRODUCTS_DIR; };
		A42925F325F6F48D00C6C799 /* AppDelegate.swift */ = {isa = PBXFileReference; lastKnownFileType = sourcecode.swift; path = AppDelegate.swift; sourceTree = "<group>"; };
		A42925F525F6F48D00C6C799 /* SceneDelegate.swift */ = {isa = PBXFileReference; lastKnownFileType = sourcecode.swift; path = SceneDelegate.swift; sourceTree = "<group>"; };
		A42925F725F6F48D00C6C799 /* ViewController.swift */ = {isa = PBXFileReference; lastKnownFileType = sourcecode.swift; path = ViewController.swift; sourceTree = "<group>"; };
		A42925FA25F6F48D00C6C799 /* Base */ = {isa = PBXFileReference; lastKnownFileType = file.storyboard; name = Base; path = Base.lproj/Main.storyboard; sourceTree = "<group>"; };
		A42925FC25F6F49000C6C799 /* Assets.xcassets */ = {isa = PBXFileReference; lastKnownFileType = folder.assetcatalog; path = Assets.xcassets; sourceTree = "<group>"; };
		A42925FF25F6F49000C6C799 /* Base */ = {isa = PBXFileReference; lastKnownFileType = file.storyboard; name = Base; path = Base.lproj/LaunchScreen.storyboard; sourceTree = "<group>"; };
		A429260125F6F49000C6C799 /* Info.plist */ = {isa = PBXFileReference; lastKnownFileType = text.plist.xml; path = Info.plist; sourceTree = "<group>"; };
		A429260625F6F49000C6C799 /* mhtTask2Tests.xctest */ = {isa = PBXFileReference; explicitFileType = wrapper.cfbundle; includeInIndex = 0; path = mhtTask2Tests.xctest; sourceTree = BUILT_PRODUCTS_DIR; };
		A429260A25F6F49000C6C799 /* mhtTask2Tests.swift */ = {isa = PBXFileReference; lastKnownFileType = sourcecode.swift; path = mhtTask2Tests.swift; sourceTree = "<group>"; };
		A429260C25F6F49000C6C799 /* Info.plist */ = {isa = PBXFileReference; lastKnownFileType = text.plist.xml; path = Info.plist; sourceTree = "<group>"; };
		A429261125F6F49000C6C799 /* mhtTask2UITests.xctest */ = {isa = PBXFileReference; explicitFileType = wrapper.cfbundle; includeInIndex = 0; path = mhtTask2UITests.xctest; sourceTree = BUILT_PRODUCTS_DIR; };
		A429261525F6F49000C6C799 /* mhtTask2UITests.swift */ = {isa = PBXFileReference; lastKnownFileType = sourcecode.swift; path = mhtTask2UITests.swift; sourceTree = "<group>"; };
		A429261725F6F49000C6C799 /* Info.plist */ = {isa = PBXFileReference; lastKnownFileType = text.plist.xml; path = Info.plist; sourceTree = "<group>"; };
/* End PBXFileReference section */

/* Begin PBXFrameworksBuildPhase section */
		A42925ED25F6F48D00C6C799 /* Frameworks */ = {
			isa = PBXFrameworksBuildPhase;
			buildActionMask = 2147483647;
			files = (
			);
			runOnlyForDeploymentPostprocessing = 0;
		};
		A429260325F6F49000C6C799 /* Frameworks */ = {
			isa = PBXFrameworksBuildPhase;
			buildActionMask = 2147483647;
			files = (
			);
			runOnlyForDeploymentPostprocessing = 0;
		};
		A429260E25F6F49000C6C799 /* Frameworks */ = {
			isa = PBXFrameworksBuildPhase;
			buildActionMask = 2147483647;
			files = (
			);
			runOnlyForDeploymentPostprocessing = 0;
		};
/* End PBXFrameworksBuildPhase section */

/* Begin PBXGroup section */
		A42925E725F6F48D00C6C799 = {
			isa = PBXGroup;
			children = (
				A42925F225F6F48D00C6C799 /* mhtTask2 */,
				A429260925F6F49000C6C799 /* mhtTask2Tests */,
				A429261425F6F49000C6C799 /* mhtTask2UITests */,
				A42925F125F6F48D00C6C799 /* Products */,
			);
			sourceTree = "<group>";
		};
		A42925F125F6F48D00C6C799 /* Products */ = {
			isa = PBXGroup;
			children = (
				A42925F025F6F48D00C6C799 /* mhtTask2.app */,
				A429260625F6F49000C6C799 /* mhtTask2Tests.xctest */,
				A429261125F6F49000C6C799 /* mhtTask2UITests.xctest */,
			);
			name = Products;
			sourceTree = "<group>";
		};
		A42925F225F6F48D00C6C799 /* mhtTask2 */ = {
			isa = PBXGroup;
			children = (
				A42925F325F6F48D00C6C799 /* AppDelegate.swift */,
				A42925F525F6F48D00C6C799 /* SceneDelegate.swift */,
				A42925F725F6F48D00C6C799 /* ViewController.swift */,
				A42925F925F6F48D00C6C799 /* Main.storyboard */,
				A42925FC25F6F49000C6C799 /* Assets.xcassets */,
				A42925FE25F6F49000C6C799 /* LaunchScreen.storyboard */,
				A429260125F6F49000C6C799 /* Info.plist */,
			);
			path = mhtTask2;
			sourceTree = "<group>";
		};
		A429260925F6F49000C6C799 /* mhtTask2Tests */ = {
			isa = PBXGroup;
			children = (
				A429260A25F6F49000C6C799 /* mhtTask2Tests.swift */,
				A429260C25F6F49000C6C799 /* Info.plist */,
			);
			path = mhtTask2Tests;
			sourceTree = "<group>";
		};
		A429261425F6F49000C6C799 /* mhtTask2UITests */ = {
			isa = PBXGroup;
			children = (
				A429261525F6F49000C6C799 /* mhtTask2UITests.swift */,
				A429261725F6F49000C6C799 /* Info.plist */,
			);
			path = mhtTask2UITests;
			sourceTree = "<group>";
		};
/* End PBXGroup section */

/* Begin PBXNativeTarget section */
		A42925EF25F6F48D00C6C799 /* mhtTask2 */ = {
			isa = PBXNativeTarget;
			buildConfigurationList = A429261A25F6F49000C6C799 /* Build configuration list for PBXNativeTarget "mhtTask2" */;
			buildPhases = (
				A42925EC25F6F48D00C6C799 /* Sources */,
				A42925ED25F6F48D00C6C799 /* Frameworks */,
				A42925EE25F6F48D00C6C799 /* Resources */,
			);
			buildRules = (
			);
			dependencies = (
			);
			name = mhtTask2;
			productName = mhtTask2;
			productReference = A42925F025F6F48D00C6C799 /* mhtTask2.app */;
			productType = "com.apple.product-type.application";
		};
		A429260525F6F49000C6C799 /* mhtTask2Tests */ = {
			isa = PBXNativeTarget;
			buildConfigurationList = A429261D25F6F49000C6C799 /* Build configuration list for PBXNativeTarget "mhtTask2Tests" */;
			buildPhases = (
				A429260225F6F49000C6C799 /* Sources */,
				A429260325F6F49000C6C799 /* Frameworks */,
				A429260425F6F49000C6C799 /* Resources */,
			);
			buildRules = (
			);
			dependencies = (
				A429260825F6F49000C6C799 /* PBXTargetDependency */,
			);
			name = mhtTask2Tests;
			productName = mhtTask2Tests;
			productReference = A429260625F6F49000C6C799 /* mhtTask2Tests.xctest */;
			productType = "com.apple.product-type.bundle.unit-test";
		};
		A429261025F6F49000C6C799 /* mhtTask2UITests */ = {
			isa = PBXNativeTarget;
			buildConfigurationList = A429262025F6F49000C6C799 /* Build configuration list for PBXNativeTarget "mhtTask2UITests" */;
			buildPhases = (
				A429260D25F6F49000C6C799 /* Sources */,
				A429260E25F6F49000C6C799 /* Frameworks */,
				A429260F25F6F49000C6C799 /* Resources */,
			);
			buildRules = (
			);
			dependencies = (
				A429261325F6F49000C6C799 /* PBXTargetDependency */,
			);
			name = mhtTask2UITests;
			productName = mhtTask2UITests;
			productReference = A429261125F6F49000C6C799 /* mhtTask2UITests.xctest */;
			productType = "com.apple.product-type.bundle.ui-testing";
		};
/* End PBXNativeTarget section */

/* Begin PBXProject section */
		A42925E825F6F48D00C6C799 /* Project object */ = {
			isa = PBXProject;
			attributes = {
				LastSwiftUpdateCheck = 1240;
				LastUpgradeCheck = 1240;
				TargetAttributes = {
					A42925EF25F6F48D00C6C799 = {
						CreatedOnToolsVersion = 12.4;
					};
					A429260525F6F49000C6C799 = {
						CreatedOnToolsVersion = 12.4;
						TestTargetID = A42925EF25F6F48D00C6C799;
					};
					A429261025F6F49000C6C799 = {
						CreatedOnToolsVersion = 12.4;
						TestTargetID = A42925EF25F6F48D00C6C799;
					};
				};
			};
			buildConfigurationList = A42925EB25F6F48D00C6C799 /* Build configuration list for PBXProject "mhtTask2" */;
			compatibilityVersion = "Xcode 9.3";
			developmentRegion = en;
			hasScannedForEncodings = 0;
			knownRegions = (
				en,
				Base,
			);
			mainGroup = A42925E725F6F48D00C6C799;
			productRefGroup = A42925F125F6F48D00C6C799 /* Products */;
			projectDirPath = "";
			projectRoot = "";
			targets = (
				A42925EF25F6F48D00C6C799 /* mhtTask2 */,
				A429260525F6F49000C6C799 /* mhtTask2Tests */,
				A429261025F6F49000C6C799 /* mhtTask2UITests */,
			);
		};
/* End PBXProject section */

/* Begin PBXResourcesBuildPhase section */
		A42925EE25F6F48D00C6C799 /* Resources */ = {
			isa = PBXResourcesBuildPhase;
			buildActionMask = 2147483647;
			files = (
				A429260025F6F49000C6C799 /* LaunchScreen.storyboard in Resources */,
				A42925FD25F6F49000C6C799 /* Assets.xcassets in Resources */,
				A42925FB25F6F48D00C6C799 /* Main.storyboard in Resources */,
			);
			runOnlyForDeploymentPostprocessing = 0;
		};
		A429260425F6F49000C6C799 /* Resources */ = {
			isa = PBXResourcesBuildPhase;
			buildActionMask = 2147483647;
			files = (
			);
			runOnlyForDeploymentPostprocessing = 0;
		};
		A429260F25F6F49000C6C799 /* Resources */ = {
			isa = PBXResourcesBuildPhase;
			buildActionMask = 2147483647;
			files = (
			);
			runOnlyForDeploymentPostprocessing = 0;
		};
/* End PBXResourcesBuildPhase section */

/* Begin PBXSourcesBuildPhase section */
		A42925EC25F6F48D00C6C799 /* Sources */ = {
			isa = PBXSourcesBuildPhase;
			buildActionMask = 2147483647;
			files = (
				A42925F825F6F48D00C6C799 /* ViewController.swift in Sources */,
				A42925F425F6F48D00C6C799 /* AppDelegate.swift in Sources */,
				A42925F625F6F48D00C6C799 /* SceneDelegate.swift in Sources */,
			);
			runOnlyForDeploymentPostprocessing = 0;
		};
		A429260225F6F49000C6C799 /* Sources */ = {
			isa = PBXSourcesBuildPhase;
			buildActionMask = 2147483647;
			files = (
				A429260B25F6F49000C6C799 /* mhtTask2Tests.swift in Sources */,
			);
			runOnlyForDeploymentPostprocessing = 0;
		};
		A429260D25F6F49000C6C799 /* Sources */ = {
			isa = PBXSourcesBuildPhase;
			buildActionMask = 2147483647;
			files = (
				A429261625F6F49000C6C799 /* mhtTask2UITests.swift in Sources */,
			);
			runOnlyForDeploymentPostprocessing = 0;
		};
/* End PBXSourcesBuildPhase section */

/* Begin PBXTargetDependency section */
		A429260825F6F49000C6C799 /* PBXTargetDependency */ = {
			isa = PBXTargetDependency;
			target = A42925EF25F6F48D00C6C799 /* mhtTask2 */;
			targetProxy = A429260725F6F49000C6C799 /* PBXContainerItemProxy */;
		};
		A429261325F6F49000C6C799 /* PBXTargetDependency */ = {
			isa = PBXTargetDependency;
			target = A42925EF25F6F48D00C6C799 /* mhtTask2 */;
			targetProxy = A429261225F6F49000C6C799 /* PBXContainerItemProxy */;
		};
/* End PBXTargetDependency section */

/* Begin PBXVariantGroup section */
		A42925F925F6F48D00C6C799 /* Main.storyboard */ = {
			isa = PBXVariantGroup;
			children = (
				A42925FA25F6F48D00C6C799 /* Base */,
			);
			name = Main.storyboard;
			sourceTree = "<group>";
		};
		A42925FE25F6F49000C6C799 /* LaunchScreen.storyboard */ = {
			isa = PBXVariantGroup;
			children = (
				A42925FF25F6F49000C6C799 /* Base */,
			);
			name = LaunchScreen.storyboard;
			sourceTree = "<group>";
		};
/* End PBXVariantGroup section */

/* Begin XCBuildConfiguration section */
		A429261825F6F49000C6C799 /* Debug */ = {
			isa = XCBuildConfiguration;
			buildSettings = {
				ALWAYS_SEARCH_USER_PATHS = NO;
				CLANG_ANALYZER_NONNULL = YES;
				CLANG_ANALYZER_NUMBER_OBJECT_CONVERSION = YES_AGGRESSIVE;
				CLANG_CXX_LANGUAGE_STANDARD = "gnu++14";
				CLANG_CXX_LIBRARY = "libc++";
				CLANG_ENABLE_MODULES = YES;
				CLANG_ENABLE_OBJC_ARC = YES;
				CLANG_ENABLE_OBJC_WEAK = YES;
				CLANG_WARN_BLOCK_CAPTURE_AUTORELEASING = YES;
				CLANG_WARN_BOOL_CONVERSION = YES;
				CLANG_WARN_COMMA = YES;
				CLANG_WARN_CONSTANT_CONVERSION = YES;
				CLANG_WARN_DEPRECATED_OBJC_IMPLEMENTATIONS = YES;
				CLANG_WARN_DIRECT_OBJC_ISA_USAGE = YES_ERROR;
				CLANG_WARN_DOCUMENTATION_COMMENTS = YES;
				CLANG_WARN_EMPTY_BODY = YES;
				CLANG_WARN_ENUM_CONVERSION = YES;
				CLANG_WARN_INFINITE_RECURSION = YES;
				CLANG_WARN_INT_CONVERSION = YES;
				CLANG_WARN_NON_LITERAL_NULL_CONVERSION = YES;
				CLANG_WARN_OBJC_IMPLICIT_RETAIN_SELF = YES;
				CLANG_WARN_OBJC_LITERAL_CONVERSION = YES;
				CLANG_WARN_OBJC_ROOT_CLASS = YES_ERROR;
				CLANG_WARN_QUOTED_INCLUDE_IN_FRAMEWORK_HEADER = YES;
				CLANG_WARN_RANGE_LOOP_ANALYSIS = YES;
				CLANG_WARN_STRICT_PROTOTYPES = YES;
				CLANG_WARN_SUSPICIOUS_MOVE = YES;
				CLANG_WARN_UNGUARDED_AVAILABILITY = YES_AGGRESSIVE;
				CLANG_WARN_UNREACHABLE_CODE = YES;
				CLANG_WARN__DUPLICATE_METHOD_MATCH = YES;
				COPY_PHASE_STRIP = NO;
				DEBUG_INFORMATION_FORMAT = dwarf;
				ENABLE_STRICT_OBJC_MSGSEND = YES;
				ENABLE_TESTABILITY = YES;
				GCC_C_LANGUAGE_STANDARD = gnu11;
				GCC_DYNAMIC_NO_PIC = NO;
				GCC_NO_COMMON_BLOCKS = YES;
				GCC_OPTIMIZATION_LEVEL = 0;
				GCC_PREPROCESSOR_DEFINITIONS = (
					"DEBUG=1",
					"$(inherited)",
				);
				GCC_WARN_64_TO_32_BIT_CONVERSION = YES;
				GCC_WARN_ABOUT_RETURN_TYPE = YES_ERROR;
				GCC_WARN_UNDECLARED_SELECTOR = YES;
				GCC_WARN_UNINITIALIZED_AUTOS = YES_AGGRESSIVE;
				GCC_WARN_UNUSED_FUNCTION = YES;
				GCC_WARN_UNUSED_VARIABLE = YES;
				IPHONEOS_DEPLOYMENT_TARGET = 14.4;
				MTL_ENABLE_DEBUG_INFO = INCLUDE_SOURCE;
				MTL_FAST_MATH = YES;
				ONLY_ACTIVE_ARCH = YES;
				SDKROOT = iphoneos;
				SWIFT_ACTIVE_COMPILATION_CONDITIONS = DEBUG;
				SWIFT_OPTIMIZATION_LEVEL = "-Onone";
			};
			name = Debug;
		};
		A429261925F6F49000C6C799 /* Release */ = {
			isa = XCBuildConfiguration;
			buildSettings = {
				ALWAYS_SEARCH_USER_PATHS = NO;
				CLANG_ANALYZER_NONNULL = YES;
				CLANG_ANALYZER_NUMBER_OBJECT_CONVERSION = YES_AGGRESSIVE;
				CLANG_CXX_LANGUAGE_STANDARD = "gnu++14";
				CLANG_CXX_LIBRARY = "libc++";
				CLANG_ENABLE_MODULES = YES;
				CLANG_ENABLE_OBJC_ARC = YES;
				CLANG_ENABLE_OBJC_WEAK = YES;
				CLANG_WARN_BLOCK_CAPTURE_AUTORELEASING = YES;
				CLANG_WARN_BOOL_CONVERSION = YES;
				CLANG_WARN_COMMA = YES;
				CLANG_WARN_CONSTANT_CONVERSION = YES;
				CLANG_WARN_DEPRECATED_OBJC_IMPLEMENTATIONS = YES;
				CLANG_WARN_DIRECT_OBJC_ISA_USAGE = YES_ERROR;
				CLANG_WARN_DOCUMENTATION_COMMENTS = YES;
				CLANG_WARN_EMPTY_BODY = YES;
				CLANG_WARN_ENUM_CONVERSION = YES;
				CLANG_WARN_INFINITE_RECURSION = YES;
				CLANG_WARN_INT_CONVERSION = YES;
				CLANG_WARN_NON_LITERAL_NULL_CONVERSION = YES;
				CLANG_WARN_OBJC_IMPLICIT_RETAIN_SELF = YES;
				CLANG_WARN_OBJC_LITERAL_CONVERSION = YES;
				CLANG_WARN_OBJC_ROOT_CLASS = YES_ERROR;
				CLANG_WARN_QUOTED_INCLUDE_IN_FRAMEWORK_HEADER = YES;
				CLANG_WARN_RANGE_LOOP_ANALYSIS = YES;
				CLANG_WARN_STRICT_PROTOTYPES = YES;
				CLANG_WARN_SUSPICIOUS_MOVE = YES;
				CLANG_WARN_UNGUARDED_AVAILABILITY = YES_AGGRESSIVE;
				CLANG_WARN_UNREACHABLE_CODE = YES;
				CLANG_WARN__DUPLICATE_METHOD_MATCH = YES;
				COPY_PHASE_STRIP = NO;
				DEBUG_INFORMATION_FORMAT = "dwarf-with-dsym";
				ENABLE_NS_ASSERTIONS = NO;
				ENABLE_STRICT_OBJC_MSGSEND = YES;
				GCC_C_LANGUAGE_STANDARD = gnu11;
				GCC_NO_COMMON_BLOCKS = YES;
				GCC_WARN_64_TO_32_BIT_CONVERSION = YES;
				GCC_WARN_ABOUT_RETURN_TYPE = YES_ERROR;
				GCC_WARN_UNDECLARED_SELECTOR = YES;
				GCC_WARN_UNINITIALIZED_AUTOS = YES_AGGRESSIVE;
				GCC_WARN_UNUSED_FUNCTION = YES;
				GCC_WARN_UNUSED_VARIABLE = YES;
				IPHONEOS_DEPLOYMENT_TARGET = 14.4;
				MTL_ENABLE_DEBUG_INFO = NO;
				MTL_FAST_MATH = YES;
				SDKROOT = iphoneos;
				SWIFT_COMPILATION_MODE = wholemodule;
				SWIFT_OPTIMIZATION_LEVEL = "-O";
				VALIDATE_PRODUCT = YES;
			};
			name = Release;
		};
		A429261B25F6F49000C6C799 /* Debug */ = {
			isa = XCBuildConfiguration;
			buildSettings = {
				ASSETCATALOG_COMPILER_APPICON_NAME = AppIcon;
				ASSETCATALOG_COMPILER_GLOBAL_ACCENT_COLOR_NAME = AccentColor;
				CODE_SIGN_STYLE = Automatic;
				DEVELOPMENT_TEAM = 8HSC6WJMH6;
				INFOPLIST_FILE = mhtTask2/Info.plist;
				LD_RUNPATH_SEARCH_PATHS = (
					"$(inherited)",
					"@executable_path/Frameworks",
				);
				PRODUCT_BUNDLE_IDENTIFIER = jp.techacademy.kazuma.miura2.mhtTask2;
				PRODUCT_NAME = "$(TARGET_NAME)";
				SWIFT_VERSION = 5.0;
				TARGETED_DEVICE_FAMILY = "1,2";
			};
			name = Debug;
		};
		A429261C25F6F49000C6C799 /* Release */ = {
			isa = XCBuildConfiguration;
			buildSettings = {
				ASSETCATALOG_COMPILER_APPICON_NAME = AppIcon;
				ASSETCATALOG_COMPILER_GLOBAL_ACCENT_COLOR_NAME = AccentColor;
				CODE_SIGN_STYLE = Automatic;
				DEVELOPMENT_TEAM = 8HSC6WJMH6;
				INFOPLIST_FILE = mhtTask2/Info.plist;
				LD_RUNPATH_SEARCH_PATHS = (
					"$(inherited)",
					"@executable_path/Frameworks",
				);
				PRODUCT_BUNDLE_IDENTIFIER = jp.techacademy.kazuma.miura2.mhtTask2;
				PRODUCT_NAME = "$(TARGET_NAME)";
				SWIFT_VERSION = 5.0;
				TARGETED_DEVICE_FAMILY = "1,2";
			};
			name = Release;
		};
		A429261E25F6F49000C6C799 /* Debug */ = {
			isa = XCBuildConfiguration;
			buildSettings = {
				ALWAYS_EMBED_SWIFT_STANDARD_LIBRARIES = YES;
				BUNDLE_LOADER = "$(TEST_HOST)";
				CODE_SIGN_STYLE = Automatic;
				DEVELOPMENT_TEAM = 8HSC6WJMH6;
				INFOPLIST_FILE = mhtTask2Tests/Info.plist;
				IPHONEOS_DEPLOYMENT_TARGET = 14.4;
				LD_RUNPATH_SEARCH_PATHS = (
					"$(inherited)",
					"@executable_path/Frameworks",
					"@loader_path/Frameworks",
				);
				PRODUCT_BUNDLE_IDENTIFIER = jp.techacademy.kazuma.miura2.mhtTask2Tests;
				PRODUCT_NAME = "$(TARGET_NAME)";
				SWIFT_VERSION = 5.0;
				TARGETED_DEVICE_FAMILY = "1,2";
				TEST_HOST = "$(BUILT_PRODUCTS_DIR)/mhtTask2.app/mhtTask2";
			};
			name = Debug;
		};
		A429261F25F6F49000C6C799 /* Release */ = {
			isa = XCBuildConfiguration;
			buildSettings = {
				ALWAYS_EMBED_SWIFT_STANDARD_LIBRARIES = YES;
				BUNDLE_LOADER = "$(TEST_HOST)";
				CODE_SIGN_STYLE = Automatic;
				DEVELOPMENT_TEAM = 8HSC6WJMH6;
				INFOPLIST_FILE = mhtTask2Tests/Info.plist;
				IPHONEOS_DEPLOYMENT_TARGET = 14.4;
				LD_RUNPATH_SEARCH_PATHS = (
					"$(inherited)",
					"@executable_path/Frameworks",
					"@loader_path/Frameworks",
				);
				PRODUCT_BUNDLE_IDENTIFIER = jp.techacademy.kazuma.miura2.mhtTask2Tests;
				PRODUCT_NAME = "$(TARGET_NAME)";
				SWIFT_VERSION = 5.0;
				TARGETED_DEVICE_FAMILY = "1,2";
				TEST_HOST = "$(BUILT_PRODUCTS_DIR)/mhtTask2.app/mhtTask2";
			};
			name = Release;
		};
		A429262125F6F49000C6C799 /* Debug */ = {
			isa = XCBuildConfiguration;
			buildSettings = {
				ALWAYS_EMBED_SWIFT_STANDARD_LIBRARIES = YES;
				CODE_SIGN_STYLE = Automatic;
				DEVELOPMENT_TEAM = 8HSC6WJMH6;
				INFOPLIST_FILE = mhtTask2UITests/Info.plist;
				LD_RUNPATH_SEARCH_PATHS = (
					"$(inherited)",
					"@executable_path/Frameworks",
					"@loader_path/Frameworks",
				);
				PRODUCT_BUNDLE_IDENTIFIER = jp.techacademy.kazuma.miura2.mhtTask2UITests;
				PRODUCT_NAME = "$(TARGET_NAME)";
				SWIFT_VERSION = 5.0;
				TARGETED_DEVICE_FAMILY = "1,2";
				TEST_TARGET_NAME = mhtTask2;
			};
			name = Debug;
		};
		A429262225F6F49000C6C799 /* Release */ = {
			isa = XCBuildConfiguration;
			buildSettings = {
				ALWAYS_EMBED_SWIFT_STANDARD_LIBRARIES = YES;
				CODE_SIGN_STYLE = Automatic;
				DEVELOPMENT_TEAM = 8HSC6WJMH6;
				INFOPLIST_FILE = mhtTask2UITests/Info.plist;
				LD_RUNPATH_SEARCH_PATHS = (
					"$(inherited)",
					"@executable_path/Frameworks",
					"@loader_path/Frameworks",
				);
				PRODUCT_BUNDLE_IDENTIFIER = jp.techacademy.kazuma.miura2.mhtTask2UITests;
				PRODUCT_NAME = "$(TARGET_NAME)";
				SWIFT_VERSION = 5.0;
				TARGETED_DEVICE_FAMILY = "1,2";
				TEST_TARGET_NAME = mhtTask2;
			};
			name = Release;
		};
/* End XCBuildConfiguration section */

/* Begin XCConfigurationList section */
		A42925EB25F6F48D00C6C799 /* Build configuration list for PBXProject "mhtTask2" */ = {
			isa = XCConfigurationList;
			buildConfigurations = (
				A429261825F6F49000C6C799 /* Debug */,
				A429261925F6F49000C6C799 /* Release */,
			);
			defaultConfigurationIsVisible = 0;
			defaultConfigurationName = Release;
		};
		A429261A25F6F49000C6C799 /* Build configuration list for PBXNativeTarget "mhtTask2" */ = {
			isa = XCConfigurationList;
			buildConfigurations = (
				A429261B25F6F49000C6C799 /* Debug */,
				A429261C25F6F49000C6C799 /* Release */,
			);
			defaultConfigurationIsVisible = 0;
			defaultConfigurationName = Release;
		};
		A429261D25F6F49000C6C799 /* Build configuration list for PBXNativeTarget "mhtTask2Tests" */ = {
			isa = XCConfigurationList;
			buildConfigurations = (
				A429261E25F6F49000C6C799 /* Debug */,
				A429261F25F6F49000C6C799 /* Release */,
			);
			defaultConfigurationIsVisible = 0;
			defaultConfigurationName = Release;
		};
		A429262025F6F49000C6C799 /* Build configuration list for PBXNativeTarget "mhtTask2UITests" */ = {
			isa = XCConfigurationList;
			buildConfigurations = (
				A429262125F6F49000C6C799 /* Debug */,
				A429262225F6F49000C6C799 /* Release */,
			);
			defaultConfigurationIsVisible = 0;
			defaultConfigurationName = Release;
		};
/* End XCConfigurationList section */
	};
	rootObject = A42925E825F6F48D00C6C799 /* Project object */;
}
